
Microsoft Visual Studio Solution File, Format Version 12.00
# Visual Studio Version 17
VisualStudioVersion = 17.7.34031.279
MinimumVisualStudioVersion = 10.0.40219.1
Project("{FAE04EC0-301F-11D3-BF4B-00C04F79EFBC}") = "Floricultura", "Floricultura.csproj", "{7A179CD1-CA7B-468E-AE56-069E2E409898}"
EndProject
Global
	GlobalSection(SolutionConfigurationPlatforms) = preSolution
		Debug|Any CPU = Debug|Any CPU
		Release|Any CPU = Release|Any CPU
	EndGlobalSection
	GlobalSection(ProjectConfigurationPlatforms) = postSolution
		{7A179CD1-CA7B-468E-AE56-069E2E409898}.Debug|Any CPU.ActiveCfg = Debug|Any CPU
		{7A179CD1-CA7B-468E-AE56-069E2E409898}.Debug|Any CPU.Build.0 = Debug|Any CPU
		{7A179CD1-CA7B-468E-AE56-069E2E409898}.Release|Any CPU.ActiveCfg = Release|Any CPU
		{7A179CD1-CA7B-468E-AE56-069E2E409898}.Release|Any CPU.Build.0 = Release|Any CPU
	EndGlobalSection
	GlobalSection(SolutionProperties) = preSolution
		HideSolutionNode = FALSE
	EndGlobalSection
	GlobalSection(ExtensibilityGlobals) = postSolution
		SolutionGuid = {0D0E01A0-347C-4C65-A28A-6757013A108A}
	EndGlobalSection
EndGlobal
